
Microsoft Visual Studio Solution File, Format Version 12.00
# Visual Studio Version 16
VisualStudioVersion = 16.0.31112.23
MinimumVisualStudioVersion = 10.0.40219.1
Project("{FAE04EC0-301F-11D3-BF4B-00C04F79EFBC}") = "Datalayer", "Datalayer\Datalayer.csproj", "{8F6A4F3F-4967-4235-9651-A04A6C839FDF}"
EndProject
Project("{FAE04EC0-301F-11D3-BF4B-00C04F79EFBC}") = "Businesslayer", "Businesslayer\Businesslayer.csproj", "{D2BDB113-17E9-4F9F-AA70-8F0771174683}"
EndProject
Project("{FAE04EC0-301F-11D3-BF4B-00C04F79EFBC}") = "BackendAPI", "BackendAPI\BackendAPI.csproj", "{B9CD301D-6225-4EE3-84DD-2B6E31DE1A9E}"
EndProject
Global
	GlobalSection(SolutionConfigurationPlatforms) = preSolution
		Debug|Any CPU = Debug|Any CPU
		Release|Any CPU = Release|Any CPU
	EndGlobalSection
	GlobalSection(ProjectConfigurationPlatforms) = postSolution
		{8F6A4F3F-4967-4235-9651-A04A6C839FDF}.Debug|Any CPU.ActiveCfg = Debug|Any CPU
		{8F6A4F3F-4967-4235-9651-A04A6C839FDF}.Debug|Any CPU.Build.0 = Debug|Any CPU
		{8F6A4F3F-4967-4235-9651-A04A6C839FDF}.Release|Any CPU.ActiveCfg = Release|Any CPU
		{8F6A4F3F-4967-4235-9651-A04A6C839FDF}.Release|Any CPU.Build.0 = Release|Any CPU
		{D2BDB113-17E9-4F9F-AA70-8F0771174683}.Debug|Any CPU.ActiveCfg = Debug|Any CPU
		{D2BDB113-17E9-4F9F-AA70-8F0771174683}.Debug|Any CPU.Build.0 = Debug|Any CPU
		{D2BDB113-17E9-4F9F-AA70-8F0771174683}.Release|Any CPU.ActiveCfg = Release|Any CPU
		{D2BDB113-17E9-4F9F-AA70-8F0771174683}.Release|Any CPU.Build.0 = Release|Any CPU
		{B9CD301D-6225-4EE3-84DD-2B6E31DE1A9E}.Debug|Any CPU.ActiveCfg = Debug|Any CPU
		{B9CD301D-6225-4EE3-84DD-2B6E31DE1A9E}.Debug|Any CPU.Build.0 = Debug|Any CPU
		{B9CD301D-6225-4EE3-84DD-2B6E31DE1A9E}.Release|Any CPU.ActiveCfg = Release|Any CPU
		{B9CD301D-6225-4EE3-84DD-2B6E31DE1A9E}.Release|Any CPU.Build.0 = Release|Any CPU
	EndGlobalSection
	GlobalSection(SolutionProperties) = preSolution
		HideSolutionNode = FALSE
	EndGlobalSection
	GlobalSection(ExtensibilityGlobals) = postSolution
		SolutionGuid = {034525C8-6F7B-4C03-B338-5263AD9AD6C1}
	EndGlobalSection
EndGlobal
